
Microsoft Visual Studio Solution File, Format Version 12.00
# Visual Studio Version 17
VisualStudioVersion = 17.10.35027.167
MinimumVisualStudioVersion = 10.0.40219.1
Project("{9A19103F-16F7-4668-BE54-9A1E7A4F7556}") = "IDPPrototype", "IDPPrototype.csproj", "{BFA8E59D-EAA6-49E7-A866-CFD4A271F2B7}"
EndProject
Project("{FAE04EC0-301F-11D3-BF4B-00C04F79EFBC}") = "IDPProtoype.Core", "..\IDPProtoype.Core\IDPProtoype.Core.csproj", "{FCD8B610-B6BB-4C04-A1F2-AD23323FD65B}"
EndProject
Project("{FAE04EC0-301F-11D3-BF4B-00C04F79EFBC}") = "IDPPrototype.Test", "..\IDPPrototype.Test\IDPPrototype.Test.csproj", "{C0820003-847B-497C-9C3D-BC71DB4C2DDE}"
EndProject
Global
	GlobalSection(SolutionConfigurationPlatforms) = preSolution
		Debug|Any CPU = Debug|Any CPU
		Release|Any CPU = Release|Any CPU
	EndGlobalSection
	GlobalSection(ProjectConfigurationPlatforms) = postSolution
		{BFA8E59D-EAA6-49E7-A866-CFD4A271F2B7}.Debug|Any CPU.ActiveCfg = Debug|Any CPU
		{BFA8E59D-EAA6-49E7-A866-CFD4A271F2B7}.Debug|Any CPU.Build.0 = Debug|Any CPU
		{BFA8E59D-EAA6-49E7-A866-CFD4A271F2B7}.Release|Any CPU.ActiveCfg = Release|Any CPU
		{BFA8E59D-EAA6-49E7-A866-CFD4A271F2B7}.Release|Any CPU.Build.0 = Release|Any CPU
		{FCD8B610-B6BB-4C04-A1F2-AD23323FD65B}.Debug|Any CPU.ActiveCfg = Debug|Any CPU
		{FCD8B610-B6BB-4C04-A1F2-AD23323FD65B}.Debug|Any CPU.Build.0 = Debug|Any CPU
		{FCD8B610-B6BB-4C04-A1F2-AD23323FD65B}.Release|Any CPU.ActiveCfg = Release|Any CPU
		{FCD8B610-B6BB-4C04-A1F2-AD23323FD65B}.Release|Any CPU.Build.0 = Release|Any CPU
		{C0820003-847B-497C-9C3D-BC71DB4C2DDE}.Debug|Any CPU.ActiveCfg = Debug|Any CPU
		{C0820003-847B-497C-9C3D-BC71DB4C2DDE}.Debug|Any CPU.Build.0 = Debug|Any CPU
		{C0820003-847B-497C-9C3D-BC71DB4C2DDE}.Release|Any CPU.ActiveCfg = Release|Any CPU
		{C0820003-847B-497C-9C3D-BC71DB4C2DDE}.Release|Any CPU.Build.0 = Release|Any CPU
	EndGlobalSection
	GlobalSection(SolutionProperties) = preSolution
		HideSolutionNode = FALSE
	EndGlobalSection
	GlobalSection(ExtensibilityGlobals) = postSolution
		SolutionGuid = {9D8B9214-46AF-4FBA-8BF5-E7475BC91F22}
	EndGlobalSection
EndGlobal
